
Microsoft Visual Studio Solution File, Format Version 12.00
# Visual Studio Version 17
VisualStudioVersion = 17.7.34221.43
MinimumVisualStudioVersion = 10.0.40219.1
Project("{FAE04EC0-301F-11D3-BF4B-00C04F79EFBC}") = "CapaPresentacion", "CapaPresentacion\CapaPresentacion.csproj", "{FC83DD6B-8E79-43BB-9E82-E33F5860DDE9}"
EndProject
Project("{FAE04EC0-301F-11D3-BF4B-00C04F79EFBC}") = "CapaEntidad", "CapaEntidad\CapaEntidad.csproj", "{9FD2BFCE-71FD-4ECA-B093-AF0B99CE3EB6}"
EndProject
Project("{FAE04EC0-301F-11D3-BF4B-00C04F79EFBC}") = "CapaControladora", "CapaControladora\CapaControladora.csproj", "{81F73FEF-F1A3-4721-A69D-03024AE6923C}"
EndProject
Project("{FAE04EC0-301F-11D3-BF4B-00C04F79EFBC}") = "CapaDatos", "CapaDatos\CapaDatos.csproj", "{C2EA8A59-1E32-4138-9AEF-7F02B3399AC8}"
EndProject
Global
	GlobalSection(SolutionConfigurationPlatforms) = preSolution
		Debug|Any CPU = Debug|Any CPU
		Release|Any CPU = Release|Any CPU
	EndGlobalSection
	GlobalSection(ProjectConfigurationPlatforms) = postSolution
		{FC83DD6B-8E79-43BB-9E82-E33F5860DDE9}.Debug|Any CPU.ActiveCfg = Debug|Any CPU
		{FC83DD6B-8E79-43BB-9E82-E33F5860DDE9}.Debug|Any CPU.Build.0 = Debug|Any CPU
		{FC83DD6B-8E79-43BB-9E82-E33F5860DDE9}.Release|Any CPU.ActiveCfg = Release|Any CPU
		{FC83DD6B-8E79-43BB-9E82-E33F5860DDE9}.Release|Any CPU.Build.0 = Release|Any CPU
		{9FD2BFCE-71FD-4ECA-B093-AF0B99CE3EB6}.Debug|Any CPU.ActiveCfg = Debug|Any CPU
		{9FD2BFCE-71FD-4ECA-B093-AF0B99CE3EB6}.Debug|Any CPU.Build.0 = Debug|Any CPU
		{9FD2BFCE-71FD-4ECA-B093-AF0B99CE3EB6}.Release|Any CPU.ActiveCfg = Release|Any CPU
		{9FD2BFCE-71FD-4ECA-B093-AF0B99CE3EB6}.Release|Any CPU.Build.0 = Release|Any CPU
		{81F73FEF-F1A3-4721-A69D-03024AE6923C}.Debug|Any CPU.ActiveCfg = Debug|Any CPU
		{81F73FEF-F1A3-4721-A69D-03024AE6923C}.Debug|Any CPU.Build.0 = Debug|Any CPU
		{81F73FEF-F1A3-4721-A69D-03024AE6923C}.Release|Any CPU.ActiveCfg = Release|Any CPU
		{81F73FEF-F1A3-4721-A69D-03024AE6923C}.Release|Any CPU.Build.0 = Release|Any CPU
		{C2EA8A59-1E32-4138-9AEF-7F02B3399AC8}.Debug|Any CPU.ActiveCfg = Debug|Any CPU
		{C2EA8A59-1E32-4138-9AEF-7F02B3399AC8}.Debug|Any CPU.Build.0 = Debug|Any CPU
		{C2EA8A59-1E32-4138-9AEF-7F02B3399AC8}.Release|Any CPU.ActiveCfg = Release|Any CPU
		{C2EA8A59-1E32-4138-9AEF-7F02B3399AC8}.Release|Any CPU.Build.0 = Release|Any CPU
	EndGlobalSection
	GlobalSection(SolutionProperties) = preSolution
		HideSolutionNode = FALSE
	EndGlobalSection
	GlobalSection(ExtensibilityGlobals) = postSolution
		SolutionGuid = {8CA16BF3-9150-4B69-90E6-B931113B6E29}
	EndGlobalSection
EndGlobal
